
Microsoft Visual Studio Solution File, Format Version 12.00
# Visual Studio Version 16
VisualStudioVersion = 16.0.29123.88
MinimumVisualStudioVersion = 10.0.40219.1
Project("{9A19103F-16F7-4668-BE54-9A1E7A4F7556}") = "SamayaPatra", "SamayaPatra\SamayaPatra.csproj", "{0CD1EBE8-3D7E-4D7D-B583-5D61FF2E597F}"
EndProject
Project("{9A19103F-16F7-4668-BE54-9A1E7A4F7556}") = "SamayaPatra.Business", "SamayaPatra.Business\SamayaPatra.Business.csproj", "{3AFBEA4B-A357-4291-AED7-10C22166B7ED}"
EndProject
Project("{9A19103F-16F7-4668-BE54-9A1E7A4F7556}") = "SamayaPatra.Common", "SamayaPatra.Common\SamayaPatra.Common.csproj", "{68684693-A8F5-4E5F-B555-ED59FAD50DCE}"
EndProject
Project("{9A19103F-16F7-4668-BE54-9A1E7A4F7556}") = "SamayaPatra.Helper", "SamayaPatra.Helper\SamayaPatra.Helper.csproj", "{7F85B535-F041-48A7-AA92-7CB2157B8C25}"
EndProject
Project("{9A19103F-16F7-4668-BE54-9A1E7A4F7556}") = "SamayaPatra.Repository", "SamayaPatra.Repository\SamayaPatra.Repository.csproj", "{F276090B-86D3-43CE-9521-7E2DF81E668B}"
EndProject
Global
	GlobalSection(SolutionConfigurationPlatforms) = preSolution
		Debug|Any CPU = Debug|Any CPU
		Release|Any CPU = Release|Any CPU
	EndGlobalSection
	GlobalSection(ProjectConfigurationPlatforms) = postSolution
		{0CD1EBE8-3D7E-4D7D-B583-5D61FF2E597F}.Debug|Any CPU.ActiveCfg = Debug|Any CPU
		{0CD1EBE8-3D7E-4D7D-B583-5D61FF2E597F}.Debug|Any CPU.Build.0 = Debug|Any CPU
		{0CD1EBE8-3D7E-4D7D-B583-5D61FF2E597F}.Release|Any CPU.ActiveCfg = Release|Any CPU
		{0CD1EBE8-3D7E-4D7D-B583-5D61FF2E597F}.Release|Any CPU.Build.0 = Release|Any CPU
		{3AFBEA4B-A357-4291-AED7-10C22166B7ED}.Debug|Any CPU.ActiveCfg = Debug|Any CPU
		{3AFBEA4B-A357-4291-AED7-10C22166B7ED}.Debug|Any CPU.Build.0 = Debug|Any CPU
		{3AFBEA4B-A357-4291-AED7-10C22166B7ED}.Release|Any CPU.ActiveCfg = Release|Any CPU
		{3AFBEA4B-A357-4291-AED7-10C22166B7ED}.Release|Any CPU.Build.0 = Release|Any CPU
		{68684693-A8F5-4E5F-B555-ED59FAD50DCE}.Debug|Any CPU.ActiveCfg = Debug|Any CPU
		{68684693-A8F5-4E5F-B555-ED59FAD50DCE}.Debug|Any CPU.Build.0 = Debug|Any CPU
		{68684693-A8F5-4E5F-B555-ED59FAD50DCE}.Release|Any CPU.ActiveCfg = Release|Any CPU
		{68684693-A8F5-4E5F-B555-ED59FAD50DCE}.Release|Any CPU.Build.0 = Release|Any CPU
		{7F85B535-F041-48A7-AA92-7CB2157B8C25}.Debug|Any CPU.ActiveCfg = Debug|Any CPU
		{7F85B535-F041-48A7-AA92-7CB2157B8C25}.Debug|Any CPU.Build.0 = Debug|Any CPU
		{7F85B535-F041-48A7-AA92-7CB2157B8C25}.Release|Any CPU.ActiveCfg = Release|Any CPU
		{7F85B535-F041-48A7-AA92-7CB2157B8C25}.Release|Any CPU.Build.0 = Release|Any CPU
		{F276090B-86D3-43CE-9521-7E2DF81E668B}.Debug|Any CPU.ActiveCfg = Debug|Any CPU
		{F276090B-86D3-43CE-9521-7E2DF81E668B}.Debug|Any CPU.Build.0 = Debug|Any CPU
		{F276090B-86D3-43CE-9521-7E2DF81E668B}.Release|Any CPU.ActiveCfg = Release|Any CPU
		{F276090B-86D3-43CE-9521-7E2DF81E668B}.Release|Any CPU.Build.0 = Release|Any CPU
	EndGlobalSection
	GlobalSection(SolutionProperties) = preSolution
		HideSolutionNode = FALSE
	EndGlobalSection
	GlobalSection(ExtensibilityGlobals) = postSolution
		SolutionGuid = {317A9701-5230-430D-8970-4D891448CD67}
	EndGlobalSection
EndGlobal
